
Microsoft Visual Studio Solution File, Format Version 12.00
# Visual Studio 15
VisualStudioVersion = 15.0.26403.7
MinimumVisualStudioVersion = 10.0.40219.1
Project("{FAE04EC0-301F-11D3-BF4B-00C04F79EFBC}") = "NewLibrary", "NewLibrary\NewLibrary.csproj", "{289FBD84-7CF6-4FF4-BF75-04E08AF50C3C}"
EndProject
Project("{FAE04EC0-301F-11D3-BF4B-00C04F79EFBC}") = "ServerConsole", "ServerConsole\ServerConsole.csproj", "{6727D37D-9C41-4674-9B05-5B3752842588}"
EndProject
Global
	GlobalSection(SolutionConfigurationPlatforms) = preSolution
		Debug|Any CPU = Debug|Any CPU
		Release|Any CPU = Release|Any CPU
	EndGlobalSection
	GlobalSection(ProjectConfigurationPlatforms) = postSolution
		{289FBD84-7CF6-4FF4-BF75-04E08AF50C3C}.Debug|Any CPU.ActiveCfg = Debug|Any CPU
		{289FBD84-7CF6-4FF4-BF75-04E08AF50C3C}.Debug|Any CPU.Build.0 = Debug|Any CPU
		{289FBD84-7CF6-4FF4-BF75-04E08AF50C3C}.Release|Any CPU.ActiveCfg = Release|Any CPU
		{289FBD84-7CF6-4FF4-BF75-04E08AF50C3C}.Release|Any CPU.Build.0 = Release|Any CPU
		{6727D37D-9C41-4674-9B05-5B3752842588}.Debug|Any CPU.ActiveCfg = Debug|Any CPU
		{6727D37D-9C41-4674-9B05-5B3752842588}.Debug|Any CPU.Build.0 = Debug|Any CPU
		{6727D37D-9C41-4674-9B05-5B3752842588}.Release|Any CPU.ActiveCfg = Release|Any CPU
		{6727D37D-9C41-4674-9B05-5B3752842588}.Release|Any CPU.Build.0 = Release|Any CPU
	EndGlobalSection
	GlobalSection(SolutionProperties) = preSolution
		HideSolutionNode = FALSE
	EndGlobalSection
EndGlobal
